
Microsoft Visual Studio Solution File, Format Version 12.00
# Visual Studio Version 16
VisualStudioVersion = 16.0.30804.86
MinimumVisualStudioVersion = 10.0.40219.1
Project("{FAE04EC0-301F-11D3-BF4B-00C04F79EFBC}") = "My first ASP.NET Core Web Application", "My first ASP.NET Core Web Application\My first ASP.NET Core Web Application.csproj", "{6EC39478-1825-4289-B90C-A68F0EF672A5}"
EndProject
Global
	GlobalSection(SolutionConfigurationPlatforms) = preSolution
		Debug|Any CPU = Debug|Any CPU
		Release|Any CPU = Release|Any CPU
	EndGlobalSection
	GlobalSection(ProjectConfigurationPlatforms) = postSolution
		{6EC39478-1825-4289-B90C-A68F0EF672A5}.Debug|Any CPU.ActiveCfg = Debug|Any CPU
		{6EC39478-1825-4289-B90C-A68F0EF672A5}.Debug|Any CPU.Build.0 = Debug|Any CPU
		{6EC39478-1825-4289-B90C-A68F0EF672A5}.Release|Any CPU.ActiveCfg = Release|Any CPU
		{6EC39478-1825-4289-B90C-A68F0EF672A5}.Release|Any CPU.Build.0 = Release|Any CPU
	EndGlobalSection
	GlobalSection(SolutionProperties) = preSolution
		HideSolutionNode = FALSE
	EndGlobalSection
	GlobalSection(ExtensibilityGlobals) = postSolution
		SolutionGuid = {C93B0E1C-B5E4-492C-B972-9497AB30BFD2}
	EndGlobalSection
EndGlobal
